// !$*UTF8*$!
{
	archiveVersion = 1;
	classes = {
	};
	objectVersion = 56;
	objects = {

/* Begin PBXBuildFile section */
		6EFCA0F12A69A9F50008AAC5 /* witchieApp.swift in Sources */ = {isa = PBXBuildFile; fileRef = 6EFCA0F02A69A9F50008AAC5 /* witchieApp.swift */; };
		6EFCA0F32A69A9F50008AAC5 /* ContentView.swift in Sources */ = {isa = PBXBuildFile; fileRef = 6EFCA0F22A69A9F50008AAC5 /* ContentView.swift */; };
		6EFCA0F52A69A9F60008AAC5 /* Assets.xcassets in Resources */ = {isa = PBXBuildFile; fileRef = 6EFCA0F42A69A9F60008AAC5 /* Assets.xcassets */; };
		6EFCA0F82A69A9F60008AAC5 /* Preview Assets.xcassets in Resources */ = {isa = PBXBuildFile; fileRef = 6EFCA0F72A69A9F60008AAC5 /* Preview Assets.xcassets */; };
		6EFCA1012A69AC460008AAC5 /* ImageAsset.swift in Sources */ = {isa = PBXBuildFile; fileRef = 6EFCA1002A69AC460008AAC5 /* ImageAsset.swift */; };
		6EFCA1032A69AC920008AAC5 /* ColorAsset.swift in Sources */ = {isa = PBXBuildFile; fileRef = 6EFCA1022A69AC920008AAC5 /* ColorAsset.swift */; };
		6EFCA1052A69ACDB0008AAC5 /* ContentComponent.swift in Sources */ = {isa = PBXBuildFile; fileRef = 6EFCA1042A69ACDB0008AAC5 /* ContentComponent.swift */; };
/* End PBXBuildFile section */

/* Begin PBXFileReference section */
		6EFCA0ED2A69A9F50008AAC5 /* witchie.app */ = {isa = PBXFileReference; explicitFileType = wrapper.application; includeInIndex = 0; path = witchie.app; sourceTree = BUILT_PRODUCTS_DIR; };
		6EFCA0F02A69A9F50008AAC5 /* witchieApp.swift */ = {isa = PBXFileReference; lastKnownFileType = sourcecode.swift; path = witchieApp.swift; sourceTree = "<group>"; };
		6EFCA0F22A69A9F50008AAC5 /* ContentView.swift */ = {isa = PBXFileReference; lastKnownFileType = sourcecode.swift; path = ContentView.swift; sourceTree = "<group>"; };
		6EFCA0F42A69A9F60008AAC5 /* Assets.xcassets */ = {isa = PBXFileReference; lastKnownFileType = folder.assetcatalog; path = Assets.xcassets; sourceTree = "<group>"; };
		6EFCA0F72A69A9F60008AAC5 /* Preview Assets.xcassets */ = {isa = PBXFileReference; lastKnownFileType = folder.assetcatalog; path = "Preview Assets.xcassets"; sourceTree = "<group>"; };
		6EFCA1002A69AC460008AAC5 /* ImageAsset.swift */ = {isa = PBXFileReference; lastKnownFileType = sourcecode.swift; path = ImageAsset.swift; sourceTree = "<group>"; };
		6EFCA1022A69AC920008AAC5 /* ColorAsset.swift */ = {isa = PBXFileReference; lastKnownFileType = sourcecode.swift; path = ColorAsset.swift; sourceTree = "<group>"; };
		6EFCA1042A69ACDB0008AAC5 /* ContentComponent.swift */ = {isa = PBXFileReference; lastKnownFileType = sourcecode.swift; path = ContentComponent.swift; sourceTree = "<group>"; };
/* End PBXFileReference section */

/* Begin PBXFrameworksBuildPhase section */
		6EFCA0EA2A69A9F50008AAC5 /* Frameworks */ = {
			isa = PBXFrameworksBuildPhase;
			buildActionMask = 2147483647;
			files = (
			);
			runOnlyForDeploymentPostprocessing = 0;
		};
/* End PBXFrameworksBuildPhase section */

/* Begin PBXGroup section */
		6EFCA0E42A69A9F50008AAC5 = {
			isa = PBXGroup;
			children = (
				6EFCA0EF2A69A9F50008AAC5 /* witchie */,
				6EFCA0EE2A69A9F50008AAC5 /* Products */,
			);
			sourceTree = "<group>";
		};
		6EFCA0EE2A69A9F50008AAC5 /* Products */ = {
			isa = PBXGroup;
			children = (
				6EFCA0ED2A69A9F50008AAC5 /* witchie.app */,
			);
			name = Products;
			sourceTree = "<group>";
		};
		6EFCA0EF2A69A9F50008AAC5 /* witchie */ = {
			isa = PBXGroup;
			children = (
				6EFCA0FF2A69AB780008AAC5 /* New Group */,
				6EFCA0FE2A69AB570008AAC5 /* Constants */,
				6EFCA0F02A69A9F50008AAC5 /* witchieApp.swift */,
				6EFCA0F22A69A9F50008AAC5 /* ContentView.swift */,
				6EFCA0F42A69A9F60008AAC5 /* Assets.xcassets */,
				6EFCA0F62A69A9F60008AAC5 /* Preview Content */,
			);
			path = witchie;
			sourceTree = "<group>";
		};
		6EFCA0F62A69A9F60008AAC5 /* Preview Content */ = {
			isa = PBXGroup;
			children = (
				6EFCA0F72A69A9F60008AAC5 /* Preview Assets.xcassets */,
			);
			path = "Preview Content";
			sourceTree = "<group>";
		};
		6EFCA0FE2A69AB570008AAC5 /* Constants */ = {
			isa = PBXGroup;
			children = (
				6EFCA1002A69AC460008AAC5 /* ImageAsset.swift */,
				6EFCA1022A69AC920008AAC5 /* ColorAsset.swift */,
				6EFCA1042A69ACDB0008AAC5 /* ContentComponent.swift */,
			);
			path = Constants;
			sourceTree = "<group>";
		};
		6EFCA0FF2A69AB780008AAC5 /* New Group */ = {
			isa = PBXGroup;
			children = (
			);
			path = "New Group";
			sourceTree = "<group>";
		};
/* End PBXGroup section */

/* Begin PBXNativeTarget section */
		6EFCA0EC2A69A9F50008AAC5 /* witchie */ = {
			isa = PBXNativeTarget;
			buildConfigurationList = 6EFCA0FB2A69A9F60008AAC5 /* Build configuration list for PBXNativeTarget "witchie" */;
			buildPhases = (
				6EFCA0E92A69A9F50008AAC5 /* Sources */,
				6EFCA0EA2A69A9F50008AAC5 /* Frameworks */,
				6EFCA0EB2A69A9F50008AAC5 /* Resources */,
			);
			buildRules = (
			);
			dependencies = (
			);
			name = witchie;
			productName = witchie;
			productReference = 6EFCA0ED2A69A9F50008AAC5 /* witchie.app */;
			productType = "com.apple.product-type.application";
		};
/* End PBXNativeTarget section */

/* Begin PBXProject section */
		6EFCA0E52A69A9F50008AAC5 /* Project object */ = {
			isa = PBXProject;
			attributes = {
				BuildIndependentTargetsInParallel = 1;
				LastSwiftUpdateCheck = 1430;
				LastUpgradeCheck = 1430;
				TargetAttributes = {
					6EFCA0EC2A69A9F50008AAC5 = {
						CreatedOnToolsVersion = 14.3.1;
					};
				};
			};
			buildConfigurationList = 6EFCA0E82A69A9F50008AAC5 /* Build configuration list for PBXProject "witchie" */;
			compatibilityVersion = "Xcode 14.0";
			developmentRegion = en;
			hasScannedForEncodings = 0;
			knownRegions = (
				en,
				Base,
			);
			mainGroup = 6EFCA0E42A69A9F50008AAC5;
			productRefGroup = 6EFCA0EE2A69A9F50008AAC5 /* Products */;
			projectDirPath = "";
			projectRoot = "";
			targets = (
				6EFCA0EC2A69A9F50008AAC5 /* witchie */,
			);
		};
/* End PBXProject section */

/* Begin PBXResourcesBuildPhase section */
		6EFCA0EB2A69A9F50008AAC5 /* Resources */ = {
			isa = PBXResourcesBuildPhase;
			buildActionMask = 2147483647;
			files = (
				6EFCA0F82A69A9F60008AAC5 /* Preview Assets.xcassets in Resources */,
				6EFCA0F52A69A9F60008AAC5 /* Assets.xcassets in Resources */,
			);
			runOnlyForDeploymentPostprocessing = 0;
		};
/* End PBXResourcesBuildPhase section */

/* Begin PBXSourcesBuildPhase section */
		6EFCA0E92A69A9F50008AAC5 /* Sources */ = {
			isa = PBXSourcesBuildPhase;
			buildActionMask = 2147483647;
			files = (
				6EFCA1012A69AC460008AAC5 /* ImageAsset.swift in Sources */,
				6EFCA0F32A69A9F50008AAC5 /* ContentView.swift in Sources */,
				6EFCA1032A69AC920008AAC5 /* ColorAsset.swift in Sources */,
				6EFCA0F12A69A9F50008AAC5 /* witchieApp.swift in Sources */,
				6EFCA1052A69ACDB0008AAC5 /* ContentComponent.swift in Sources */,
			);
			runOnlyForDeploymentPostprocessing = 0;
		};
/* End PBXSourcesBuildPhase section */

/* Begin XCBuildConfiguration section */
		6EFCA0F92A69A9F60008AAC5 /* Debug */ = {
			isa = XCBuildConfiguration;
			buildSettings = {
				ALWAYS_SEARCH_USER_PATHS = NO;
				CLANG_ANALYZER_NONNULL = YES;
				CLANG_ANALYZER_NUMBER_OBJECT_CONVERSION = YES_AGGRESSIVE;
				CLANG_CXX_LANGUAGE_STANDARD = "gnu++20";
				CLANG_ENABLE_MODULES = YES;
				CLANG_ENABLE_OBJC_ARC = YES;
				CLANG_ENABLE_OBJC_WEAK = YES;
				CLANG_WARN_BLOCK_CAPTURE_AUTORELEASING = YES;
				CLANG_WARN_BOOL_CONVERSION = YES;
				CLANG_WARN_COMMA = YES;
				CLANG_WARN_CONSTANT_CONVERSION = YES;
				CLANG_WARN_DEPRECATED_OBJC_IMPLEMENTATIONS = YES;
				CLANG_WARN_DIRECT_OBJC_ISA_USAGE = YES_ERROR;
				CLANG_WARN_DOCUMENTATION_COMMENTS = YES;
				CLANG_WARN_EMPTY_BODY = YES;
				CLANG_WARN_ENUM_CONVERSION = YES;
				CLANG_WARN_INFINITE_RECURSION = YES;
				CLANG_WARN_INT_CONVERSION = YES;
				CLANG_WARN_NON_LITERAL_NULL_CONVERSION = YES;
				CLANG_WARN_OBJC_IMPLICIT_RETAIN_SELF = YES;
				CLANG_WARN_OBJC_LITERAL_CONVERSION = YES;
				CLANG_WARN_OBJC_ROOT_CLASS = YES_ERROR;
				CLANG_WARN_QUOTED_INCLUDE_IN_FRAMEWORK_HEADER = YES;
				CLANG_WARN_RANGE_LOOP_ANALYSIS = YES;
				CLANG_WARN_STRICT_PROTOTYPES = YES;
				CLANG_WARN_SUSPICIOUS_MOVE = YES;
				CLANG_WARN_UNGUARDED_AVAILABILITY = YES_AGGRESSIVE;
				CLANG_WARN_UNREACHABLE_CODE = YES;
				CLANG_WARN__DUPLICATE_METHOD_MATCH = YES;
				COPY_PHASE_STRIP = NO;
				DEBUG_INFORMATION_FORMAT = dwarf;
				ENABLE_STRICT_OBJC_MSGSEND = YES;
				ENABLE_TESTABILITY = YES;
				GCC_C_LANGUAGE_STANDARD = gnu11;
				GCC_DYNAMIC_NO_PIC = NO;
				GCC_NO_COMMON_BLOCKS = YES;
				GCC_OPTIMIZATION_LEVEL = 0;
				GCC_PREPROCESSOR_DEFINITIONS = (
					"DEBUG=1",
					"$(inherited)",
				);
				GCC_WARN_64_TO_32_BIT_CONVERSION = YES;
				GCC_WARN_ABOUT_RETURN_TYPE = YES_ERROR;
				GCC_WARN_UNDECLARED_SELECTOR = YES;
				GCC_WARN_UNINITIALIZED_AUTOS = YES_AGGRESSIVE;
				GCC_WARN_UNUSED_FUNCTION = YES;
				GCC_WARN_UNUSED_VARIABLE = YES;
				IPHONEOS_DEPLOYMENT_TARGET = 16.4;
				MTL_ENABLE_DEBUG_INFO = INCLUDE_SOURCE;
				MTL_FAST_MATH = YES;
				ONLY_ACTIVE_ARCH = YES;
				SDKROOT = iphoneos;
				SWIFT_ACTIVE_COMPILATION_CONDITIONS = DEBUG;
				SWIFT_OPTIMIZATION_LEVEL = "-Onone";
			};
			name = Debug;
		};
		6EFCA0FA2A69A9F60008AAC5 /* Release */ = {
			isa = XCBuildConfiguration;
			buildSettings = {
				ALWAYS_SEARCH_USER_PATHS = NO;
				CLANG_ANALYZER_NONNULL = YES;
				CLANG_ANALYZER_NUMBER_OBJECT_CONVERSION = YES_AGGRESSIVE;
				CLANG_CXX_LANGUAGE_STANDARD = "gnu++20";
				CLANG_ENABLE_MODULES = YES;
				CLANG_ENABLE_OBJC_ARC = YES;
				CLANG_ENABLE_OBJC_WEAK = YES;
				CLANG_WARN_BLOCK_CAPTURE_AUTORELEASING = YES;
				CLANG_WARN_BOOL_CONVERSION = YES;
				CLANG_WARN_COMMA = YES;
				CLANG_WARN_CONSTANT_CONVERSION = YES;
				CLANG_WARN_DEPRECATED_OBJC_IMPLEMENTATIONS = YES;
				CLANG_WARN_DIRECT_OBJC_ISA_USAGE = YES_ERROR;
				CLANG_WARN_DOCUMENTATION_COMMENTS = YES;
				CLANG_WARN_EMPTY_BODY = YES;
				CLANG_WARN_ENUM_CONVERSION = YES;
				CLANG_WARN_INFINITE_RECURSION = YES;
				CLANG_WARN_INT_CONVERSION = YES;
				CLANG_WARN_NON_LITERAL_NULL_CONVERSION = YES;
				CLANG_WARN_OBJC_IMPLICIT_RETAIN_SELF = YES;
				CLANG_WARN_OBJC_LITERAL_CONVERSION = YES;
				CLANG_WARN_OBJC_ROOT_CLASS = YES_ERROR;
				CLANG_WARN_QUOTED_INCLUDE_IN_FRAMEWORK_HEADER = YES;
				CLANG_WARN_RANGE_LOOP_ANALYSIS = YES;
				CLANG_WARN_STRICT_PROTOTYPES = YES;
				CLANG_WARN_SUSPICIOUS_MOVE = YES;
				CLANG_WARN_UNGUARDED_AVAILABILITY = YES_AGGRESSIVE;
				CLANG_WARN_UNREACHABLE_CODE = YES;
				CLANG_WARN__DUPLICATE_METHOD_MATCH = YES;
				COPY_PHASE_STRIP = NO;
				DEBUG_INFORMATION_FORMAT = "dwarf-with-dsym";
				ENABLE_NS_ASSERTIONS = NO;
				ENABLE_STRICT_OBJC_MSGSEND = YES;
				GCC_C_LANGUAGE_STANDARD = gnu11;
				GCC_NO_COMMON_BLOCKS = YES;
				GCC_WARN_64_TO_32_BIT_CONVERSION = YES;
				GCC_WARN_ABOUT_RETURN_TYPE = YES_ERROR;
				GCC_WARN_UNDECLARED_SELECTOR = YES;
				GCC_WARN_UNINITIALIZED_AUTOS = YES_AGGRESSIVE;
				GCC_WARN_UNUSED_FUNCTION = YES;
				GCC_WARN_UNUSED_VARIABLE = YES;
				IPHONEOS_DEPLOYMENT_TARGET = 16.4;
				MTL_ENABLE_DEBUG_INFO = NO;
				MTL_FAST_MATH = YES;
				SDKROOT = iphoneos;
				SWIFT_COMPILATION_MODE = wholemodule;
				SWIFT_OPTIMIZATION_LEVEL = "-O";
				VALIDATE_PRODUCT = YES;
			};
			name = Release;
		};
		6EFCA0FC2A69A9F60008AAC5 /* Debug */ = {
			isa = XCBuildConfiguration;
			buildSettings = {
				ASSETCATALOG_COMPILER_APPICON_NAME = AppIcon;
				ASSETCATALOG_COMPILER_GLOBAL_ACCENT_COLOR_NAME = AccentColor;
				CODE_SIGN_STYLE = Automatic;
				CURRENT_PROJECT_VERSION = 1;
				DEVELOPMENT_ASSET_PATHS = "\"witchie/Preview Content\"";
				DEVELOPMENT_TEAM = 275GWT29UT;
				ENABLE_PREVIEWS = YES;
				GENERATE_INFOPLIST_FILE = YES;
				INFOPLIST_KEY_UIApplicationSceneManifest_Generation = YES;
				INFOPLIST_KEY_UIApplicationSupportsIndirectInputEvents = YES;
				INFOPLIST_KEY_UILaunchScreen_Generation = YES;
				INFOPLIST_KEY_UISupportedInterfaceOrientations_iPad = "UIInterfaceOrientationPortrait UIInterfaceOrientationPortraitUpsideDown UIInterfaceOrientationLandscapeLeft UIInterfaceOrientationLandscapeRight";
				INFOPLIST_KEY_UISupportedInterfaceOrientations_iPhone = "UIInterfaceOrientationPortrait UIInterfaceOrientationLandscapeLeft UIInterfaceOrientationLandscapeRight";
				LD_RUNPATH_SEARCH_PATHS = (
					"$(inherited)",
					"@executable_path/Frameworks",
				);
				MARKETING_VERSION = 1.0;
				PRODUCT_BUNDLE_IDENTIFIER = br.ufpe.cin.academy.egln.witchie;
				PRODUCT_NAME = "$(TARGET_NAME)";
				SWIFT_EMIT_LOC_STRINGS = YES;
				SWIFT_VERSION = 5.0;
				TARGETED_DEVICE_FAMILY = "1,2";
			};
			name = Debug;
		};
		6EFCA0FD2A69A9F60008AAC5 /* Release */ = {
			isa = XCBuildConfiguration;
			buildSettings = {
				ASSETCATALOG_COMPILER_APPICON_NAME = AppIcon;
				ASSETCATALOG_COMPILER_GLOBAL_ACCENT_COLOR_NAME = AccentColor;
				CODE_SIGN_STYLE = Automatic;
				CURRENT_PROJECT_VERSION = 1;
				DEVELOPMENT_ASSET_PATHS = "\"witchie/Preview Content\"";
				DEVELOPMENT_TEAM = 275GWT29UT;
				ENABLE_PREVIEWS = YES;
				GENERATE_INFOPLIST_FILE = YES;
				INFOPLIST_KEY_UIApplicationSceneManifest_Generation = YES;
				INFOPLIST_KEY_UIApplicationSupportsIndirectInputEvents = YES;
				INFOPLIST_KEY_UILaunchScreen_Generation = YES;
				INFOPLIST_KEY_UISupportedInterfaceOrientations_iPad = "UIInterfaceOrientationPortrait UIInterfaceOrientationPortraitUpsideDown UIInterfaceOrientationLandscapeLeft UIInterfaceOrientationLandscapeRight";
				INFOPLIST_KEY_UISupportedInterfaceOrientations_iPhone = "UIInterfaceOrientationPortrait UIInterfaceOrientationLandscapeLeft UIInterfaceOrientationLandscapeRight";
				LD_RUNPATH_SEARCH_PATHS = (
					"$(inherited)",
					"@executable_path/Frameworks",
				);
				MARKETING_VERSION = 1.0;
				PRODUCT_BUNDLE_IDENTIFIER = br.ufpe.cin.academy.egln.witchie;
				PRODUCT_NAME = "$(TARGET_NAME)";
				SWIFT_EMIT_LOC_STRINGS = YES;
				SWIFT_VERSION = 5.0;
				TARGETED_DEVICE_FAMILY = "1,2";
			};
			name = Release;
		};
/* End XCBuildConfiguration section */

/* Begin XCConfigurationList section */
		6EFCA0E82A69A9F50008AAC5 /* Build configuration list for PBXProject "witchie" */ = {
			isa = XCConfigurationList;
			buildConfigurations = (
				6EFCA0F92A69A9F60008AAC5 /* Debug */,
				6EFCA0FA2A69A9F60008AAC5 /* Release */,
			);
			defaultConfigurationIsVisible = 0;
			defaultConfigurationName = Release;
		};
		6EFCA0FB2A69A9F60008AAC5 /* Build configuration list for PBXNativeTarget "witchie" */ = {
			isa = XCConfigurationList;
			buildConfigurations = (
				6EFCA0FC2A69A9F60008AAC5 /* Debug */,
				6EFCA0FD2A69A9F60008AAC5 /* Release */,
			);
			defaultConfigurationIsVisible = 0;
			defaultConfigurationName = Release;
		};
/* End XCConfigurationList section */
	};
	rootObject = 6EFCA0E52A69A9F50008AAC5 /* Project object */;
}
